# THIS IS AN AUTOGENERATED FILE. DO NOT EDIT THIS FILE DIRECTLY.
# yarn lockfile v1


"@npx-batatas/core@0.1.2":
  version "0.1.2"
  resolved "https://registry.yarnpkg.com/@npx-batatas/core/-/core-0.1.2.tgz#9f9a2c36baa475bc8b9ba99cf704ebae490ccfea"
  integrity sha512-sn+3/vA6UjKOk1YD5k/9H/CBnV+nElkA3w9qCBKFSwKOI95wSk8GcpKdoKIBHYkBk3Ynll5Uo5aKc7oFwmv9cg==
